
Microsoft Visual Studio Solution File, Format Version 12.00
# Visual Studio Version 16
VisualStudioVersion = 16.0.32602.291
MinimumVisualStudioVersion = 10.0.40219.1
Project("{8BC9CEB8-8B4A-11D0-8D11-00A0C91BC942}") = "curlpp_test", "curlpp_test.vcxproj", "{E8D33ECB-46C6-47DD-A4D8-3F0196F11633}"
EndProject
Global
	GlobalSection(SolutionConfigurationPlatforms) = preSolution
		Debug|x64 = Debug|x64
		Debug|x86 = Debug|x86
		Release|x64 = Release|x64
		Release|x86 = Release|x86
	EndGlobalSection
	GlobalSection(ProjectConfigurationPlatforms) = postSolution
		{E8D33ECB-46C6-47DD-A4D8-3F0196F11633}.Debug|x64.ActiveCfg = Debug|x64
		{E8D33ECB-46C6-47DD-A4D8-3F0196F11633}.Debug|x64.Build.0 = Debug|x64
		{E8D33ECB-46C6-47DD-A4D8-3F0196F11633}.Debug|x86.ActiveCfg = Debug|Win32
		{E8D33ECB-46C6-47DD-A4D8-3F0196F11633}.Debug|x86.Build.0 = Debug|Win32
		{E8D33ECB-46C6-47DD-A4D8-3F0196F11633}.Release|x64.ActiveCfg = Release|x64
		{E8D33ECB-46C6-47DD-A4D8-3F0196F11633}.Release|x64.Build.0 = Release|x64
		{E8D33ECB-46C6-47DD-A4D8-3F0196F11633}.Release|x86.ActiveCfg = Release|Win32
		{E8D33ECB-46C6-47DD-A4D8-3F0196F11633}.Release|x86.Build.0 = Release|Win32
	EndGlobalSection
	GlobalSection(SolutionProperties) = preSolution
		HideSolutionNode = FALSE
	EndGlobalSection
	GlobalSection(ExtensibilityGlobals) = postSolution
		SolutionGuid = {7D5A4D61-3C34-44F5-8BE4-5BD7A238439C}
	EndGlobalSection
EndGlobal
